
Microsoft Visual Studio Solution File, Format Version 12.00
# Visual Studio Version 16
VisualStudioVersion = 16.0.30114.105
MinimumVisualStudioVersion = 10.0.40219.1
Project("{FAE04EC0-301F-11D3-BF4B-00C04F79EFBC}") = "HELLION_Dedicated", "HELLION_Dedicated.csproj", "{804DD7D5-D1F8-4791-A43A-DC2B55C0D7A2}"
EndProject
Project("{FAE04EC0-301F-11D3-BF4B-00C04F79EFBC}") = "HELLION_SP", "HELLION_SP.csproj", "{8064D6FE-C54E-4CB0-A171-43159E119F5B}"
EndProject
Global
	GlobalSection(SolutionConfigurationPlatforms) = preSolution
		Debug|Any CPU = Debug|Any CPU
		Release|Any CPU = Release|Any CPU
	EndGlobalSection
	GlobalSection(SolutionProperties) = preSolution
		HideSolutionNode = FALSE
	EndGlobalSection
	GlobalSection(ProjectConfigurationPlatforms) = postSolution
		{804DD7D5-D1F8-4791-A43A-DC2B55C0D7A2}.Debug|Any CPU.ActiveCfg = Debug|Any CPU
		{804DD7D5-D1F8-4791-A43A-DC2B55C0D7A2}.Debug|Any CPU.Build.0 = Debug|Any CPU
		{804DD7D5-D1F8-4791-A43A-DC2B55C0D7A2}.Release|Any CPU.ActiveCfg = Release|Any CPU
		{804DD7D5-D1F8-4791-A43A-DC2B55C0D7A2}.Release|Any CPU.Build.0 = Release|Any CPU
		{8064D6FE-C54E-4CB0-A171-43159E119F5B}.Debug|Any CPU.ActiveCfg = Debug|Any CPU
		{8064D6FE-C54E-4CB0-A171-43159E119F5B}.Debug|Any CPU.Build.0 = Debug|Any CPU
		{8064D6FE-C54E-4CB0-A171-43159E119F5B}.Release|Any CPU.ActiveCfg = Release|Any CPU
		{8064D6FE-C54E-4CB0-A171-43159E119F5B}.Release|Any CPU.Build.0 = Release|Any CPU
	EndGlobalSection
EndGlobal
